// !$*UTF8*$!
{
	archiveVersion = 1;
	classes = {
	};
	objectVersion = 46;
	objects = {

/* Begin PBXBuildFile section */
		900712E916DDA456001EAD36 /* UIKit.framework in Frameworks */ = {isa = PBXBuildFile; fileRef = 900712E816DDA456001EAD36 /* UIKit.framework */; };
		900712EB16DDA456001EAD36 /* Foundation.framework in Frameworks */ = {isa = PBXBuildFile; fileRef = 900712EA16DDA456001EAD36 /* Foundation.framework */; };
		900712ED16DDA456001EAD36 /* CoreGraphics.framework in Frameworks */ = {isa = PBXBuildFile; fileRef = 900712EC16DDA456001EAD36 /* CoreGraphics.framework */; };
		900712F316DDA456001EAD36 /* InfoPlist.strings in Resources */ = {isa = PBXBuildFile; fileRef = 900712F116DDA456001EAD36 /* InfoPlist.strings */; };
		900712F516DDA456001EAD36 /* main.m in Sources */ = {isa = PBXBuildFile; fileRef = 900712F416DDA456001EAD36 /* main.m */; };
		900712F916DDA456001EAD36 /* AppDelegate.m in Sources */ = {isa = PBXBuildFile; fileRef = 900712F816DDA456001EAD36 /* AppDelegate.m */; };
		900712FB16DDA456001EAD36 /* Default.png in Resources */ = {isa = PBXBuildFile; fileRef = 900712FA16DDA456001EAD36 /* Default.png */; };
		900712FD16DDA456001EAD36 /* Default@2x.png in Resources */ = {isa = PBXBuildFile; fileRef = 900712FC16DDA456001EAD36 /* Default@2x.png */; };
		900712FF16DDA456001EAD36 /* Default-568h@2x.png in Resources */ = {isa = PBXBuildFile; fileRef = 900712FE16DDA456001EAD36 /* Default-568h@2x.png */; };
		9007130216DDA456001EAD36 /* ViewController.m in Sources */ = {isa = PBXBuildFile; fileRef = 9007130116DDA456001EAD36 /* ViewController.m */; };
		9007130516DDA456001EAD36 /* ViewController.xib in Resources */ = {isa = PBXBuildFile; fileRef = 9007130316DDA456001EAD36 /* ViewController.xib */; };
/* End PBXBuildFile section */

/* Begin PBXFileReference section */
		900712E416DDA456001EAD36 /* KapaiPush.app */ = {isa = PBXFileReference; explicitFileType = wrapper.application; includeInIndex = 0; path = KapaiPush.app; sourceTree = BUILT_PRODUCTS_DIR; };
		900712E816DDA456001EAD36 /* UIKit.framework */ = {isa = PBXFileReference; lastKnownFileType = wrapper.framework; name = UIKit.framework; path = System/Library/Frameworks/UIKit.framework; sourceTree = SDKROOT; };
		900712EA16DDA456001EAD36 /* Foundation.framework */ = {isa = PBXFileReference; lastKnownFileType = wrapper.framework; name = Foundation.framework; path = System/Library/Frameworks/Foundation.framework; sourceTree = SDKROOT; };
		900712EC16DDA456001EAD36 /* CoreGraphics.framework */ = {isa = PBXFileReference; lastKnownFileType = wrapper.framework; name = CoreGraphics.framework; path = System/Library/Frameworks/CoreGraphics.framework; sourceTree = SDKROOT; };
		900712F016DDA456001EAD36 /* KapaiPush-Info.plist */ = {isa = PBXFileReference; lastKnownFileType = text.plist.xml; path = "KapaiPush-Info.plist"; sourceTree = "<group>"; };
		900712F216DDA456001EAD36 /* en */ = {isa = PBXFileReference; lastKnownFileType = text.plist.strings; name = en; path = en.lproj/InfoPlist.strings; sourceTree = "<group>"; };
		900712F416DDA456001EAD36 /* main.m */ = {isa = PBXFileReference; lastKnownFileType = sourcecode.c.objc; path = main.m; sourceTree = "<group>"; };
		900712F616DDA456001EAD36 /* KapaiPush-Prefix.pch */ = {isa = PBXFileReference; lastKnownFileType = sourcecode.c.h; path = "KapaiPush-Prefix.pch"; sourceTree = "<group>"; };
		900712F716DDA456001EAD36 /* AppDelegate.h */ = {isa = PBXFileReference; lastKnownFileType = sourcecode.c.h; path = AppDelegate.h; sourceTree = "<group>"; };
		900712F816DDA456001EAD36 /* AppDelegate.m */ = {isa = PBXFileReference; lastKnownFileType = sourcecode.c.objc; path = AppDelegate.m; sourceTree = "<group>"; };
		900712FA16DDA456001EAD36 /* Default.png */ = {isa = PBXFileReference; lastKnownFileType = image.png; path = Default.png; sourceTree = "<group>"; };
		900712FC16DDA456001EAD36 /* Default@2x.png */ = {isa = PBXFileReference; lastKnownFileType = image.png; path = "Default@2x.png"; sourceTree = "<group>"; };
		900712FE16DDA456001EAD36 /* Default-568h@2x.png */ = {isa = PBXFileReference; lastKnownFileType = image.png; path = "Default-568h@2x.png"; sourceTree = "<group>"; };
		9007130016DDA456001EAD36 /* ViewController.h */ = {isa = PBXFileReference; lastKnownFileType = sourcecode.c.h; path = ViewController.h; sourceTree = "<group>"; };
		9007130116DDA456001EAD36 /* ViewController.m */ = {isa = PBXFileReference; lastKnownFileType = sourcecode.c.objc; path = ViewController.m; sourceTree = "<group>"; };
		9007130416DDA456001EAD36 /* en */ = {isa = PBXFileReference; lastKnownFileType = file.xib; name = en; path = en.lproj/ViewController.xib; sourceTree = "<group>"; };
/* End PBXFileReference section */

/* Begin PBXFrameworksBuildPhase section */
		900712E116DDA456001EAD36 /* Frameworks */ = {
			isa = PBXFrameworksBuildPhase;
			buildActionMask = 2147483647;
			files = (
				900712E916DDA456001EAD36 /* UIKit.framework in Frameworks */,
				900712EB16DDA456001EAD36 /* Foundation.framework in Frameworks */,
				900712ED16DDA456001EAD36 /* CoreGraphics.framework in Frameworks */,
			);
			runOnlyForDeploymentPostprocessing = 0;
		};
/* End PBXFrameworksBuildPhase section */

/* Begin PBXGroup section */
		900712D916DDA456001EAD36 = {
			isa = PBXGroup;
			children = (
				900712EE16DDA456001EAD36 /* KapaiPush */,
				900712E716DDA456001EAD36 /* Frameworks */,
				900712E516DDA456001EAD36 /* Products */,
			);
			sourceTree = "<group>";
		};
		900712E516DDA456001EAD36 /* Products */ = {
			isa = PBXGroup;
			children = (
				900712E416DDA456001EAD36 /* KapaiPush.app */,
			);
			name = Products;
			sourceTree = "<group>";
		};
		900712E716DDA456001EAD36 /* Frameworks */ = {
			isa = PBXGroup;
			children = (
				900712E816DDA456001EAD36 /* UIKit.framework */,
				900712EA16DDA456001EAD36 /* Foundation.framework */,
				900712EC16DDA456001EAD36 /* CoreGraphics.framework */,
			);
			name = Frameworks;
			sourceTree = "<group>";
		};
		900712EE16DDA456001EAD36 /* KapaiPush */ = {
			isa = PBXGroup;
			children = (
				900712F716DDA456001EAD36 /* AppDelegate.h */,
				900712F816DDA456001EAD36 /* AppDelegate.m */,
				9007130016DDA456001EAD36 /* ViewController.h */,
				9007130116DDA456001EAD36 /* ViewController.m */,
				9007130316DDA456001EAD36 /* ViewController.xib */,
				900712EF16DDA456001EAD36 /* Supporting Files */,
			);
			path = KapaiPush;
			sourceTree = "<group>";
		};
		900712EF16DDA456001EAD36 /* Supporting Files */ = {
			isa = PBXGroup;
			children = (
				900712F016DDA456001EAD36 /* KapaiPush-Info.plist */,
				900712F116DDA456001EAD36 /* InfoPlist.strings */,
				900712F416DDA456001EAD36 /* main.m */,
				900712F616DDA456001EAD36 /* KapaiPush-Prefix.pch */,
				900712FA16DDA456001EAD36 /* Default.png */,
				900712FC16DDA456001EAD36 /* Default@2x.png */,
				900712FE16DDA456001EAD36 /* Default-568h@2x.png */,
			);
			name = "Supporting Files";
			sourceTree = "<group>";
		};
/* End PBXGroup section */

/* Begin PBXNativeTarget section */
		900712E316DDA456001EAD36 /* KapaiPush */ = {
			isa = PBXNativeTarget;
			buildConfigurationList = 9007130816DDA456001EAD36 /* Build configuration list for PBXNativeTarget "KapaiPush" */;
			buildPhases = (
				900712E016DDA456001EAD36 /* Sources */,
				900712E116DDA456001EAD36 /* Frameworks */,
				900712E216DDA456001EAD36 /* Resources */,
			);
			buildRules = (
			);
			dependencies = (
			);
			name = KapaiPush;
			productName = KapaiPush;
			productReference = 900712E416DDA456001EAD36 /* KapaiPush.app */;
			productType = "com.apple.product-type.application";
		};
/* End PBXNativeTarget section */

/* Begin PBXProject section */
		900712DB16DDA456001EAD36 /* Project object */ = {
			isa = PBXProject;
			attributes = {
				LastUpgradeCheck = 0450;
				ORGANIZATIONNAME = "卡派";
			};
			buildConfigurationList = 900712DE16DDA456001EAD36 /* Build configuration list for PBXProject "KapaiPush" */;
			compatibilityVersion = "Xcode 3.2";
			developmentRegion = English;
			hasScannedForEncodings = 0;
			knownRegions = (
				en,
			);
			mainGroup = 900712D916DDA456001EAD36;
			productRefGroup = 900712E516DDA456001EAD36 /* Products */;
			projectDirPath = "";
			projectRoot = "";
			targets = (
				900712E316DDA456001EAD36 /* KapaiPush */,
			);
		};
/* End PBXProject section */

/* Begin PBXResourcesBuildPhase section */
		900712E216DDA456001EAD36 /* Resources */ = {
			isa = PBXResourcesBuildPhase;
			buildActionMask = 2147483647;
			files = (
				900712F316DDA456001EAD36 /* InfoPlist.strings in Resources */,
				900712FB16DDA456001EAD36 /* Default.png in Resources */,
				900712FD16DDA456001EAD36 /* Default@2x.png in Resources */,
				900712FF16DDA456001EAD36 /* Default-568h@2x.png in Resources */,
				9007130516DDA456001EAD36 /* ViewController.xib in Resources */,
			);
			runOnlyForDeploymentPostprocessing = 0;
		};
/* End PBXResourcesBuildPhase section */

/* Begin PBXSourcesBuildPhase section */
		900712E016DDA456001EAD36 /* Sources */ = {
			isa = PBXSourcesBuildPhase;
			buildActionMask = 2147483647;
			files = (
				900712F516DDA456001EAD36 /* main.m in Sources */,
				900712F916DDA456001EAD36 /* AppDelegate.m in Sources */,
				9007130216DDA456001EAD36 /* ViewController.m in Sources */,
			);
			runOnlyForDeploymentPostprocessing = 0;
		};
/* End PBXSourcesBuildPhase section */

/* Begin PBXVariantGroup section */
		900712F116DDA456001EAD36 /* InfoPlist.strings */ = {
			isa = PBXVariantGroup;
			children = (
				900712F216DDA456001EAD36 /* en */,
			);
			name = InfoPlist.strings;
			sourceTree = "<group>";
		};
		9007130316DDA456001EAD36 /* ViewController.xib */ = {
			isa = PBXVariantGroup;
			children = (
				9007130416DDA456001EAD36 /* en */,
			);
			name = ViewController.xib;
			sourceTree = "<group>";
		};
/* End PBXVariantGroup section */

/* Begin XCBuildConfiguration section */
		9007130616DDA456001EAD36 /* Debug */ = {
			isa = XCBuildConfiguration;
			buildSettings = {
				ALWAYS_SEARCH_USER_PATHS = NO;
				CLANG_CXX_LANGUAGE_STANDARD = "gnu++0x";
				CLANG_CXX_LIBRARY = "libc++";
				CLANG_WARN_EMPTY_BODY = YES;
				CLANG_WARN__DUPLICATE_METHOD_MATCH = YES;
				"CODE_SIGN_IDENTITY[sdk=iphoneos*]" = "iPhone Developer";
				COPY_PHASE_STRIP = NO;
				GCC_C_LANGUAGE_STANDARD = gnu99;
				GCC_DYNAMIC_NO_PIC = NO;
				GCC_OPTIMIZATION_LEVEL = 0;
				GCC_PREPROCESSOR_DEFINITIONS = (
					"DEBUG=1",
					"$(inherited)",
				);
				GCC_SYMBOLS_PRIVATE_EXTERN = NO;
				GCC_WARN_ABOUT_RETURN_TYPE = YES;
				GCC_WARN_UNINITIALIZED_AUTOS = YES;
				GCC_WARN_UNUSED_VARIABLE = YES;
				IPHONEOS_DEPLOYMENT_TARGET = 6.0;
				ONLY_ACTIVE_ARCH = YES;
				SDKROOT = iphoneos;
			};
			name = Debug;
		};
		9007130716DDA456001EAD36 /* Release */ = {
			isa = XCBuildConfiguration;
			buildSettings = {
				ALWAYS_SEARCH_USER_PATHS = NO;
				CLANG_CXX_LANGUAGE_STANDARD = "gnu++0x";
				CLANG_CXX_LIBRARY = "libc++";
				CLANG_WARN_EMPTY_BODY = YES;
				CLANG_WARN__DUPLICATE_METHOD_MATCH = YES;
				"CODE_SIGN_IDENTITY[sdk=iphoneos*]" = "iPhone Developer";
				COPY_PHASE_STRIP = YES;
				GCC_C_LANGUAGE_STANDARD = gnu99;
				GCC_WARN_ABOUT_RETURN_TYPE = YES;
				GCC_WARN_UNINITIALIZED_AUTOS = YES;
				GCC_WARN_UNUSED_VARIABLE = YES;
				IPHONEOS_DEPLOYMENT_TARGET = 6.0;
				OTHER_CFLAGS = "-DNS_BLOCK_ASSERTIONS=1";
				SDKROOT = iphoneos;
				VALIDATE_PRODUCT = YES;
			};
			name = Release;
		};
		9007130916DDA456001EAD36 /* Debug */ = {
			isa = XCBuildConfiguration;
			buildSettings = {
				GCC_PRECOMPILE_PREFIX_HEADER = YES;
				GCC_PREFIX_HEADER = "KapaiPush/KapaiPush-Prefix.pch";
				INFOPLIST_FILE = "KapaiPush/KapaiPush-Info.plist";
				PRODUCT_NAME = "$(TARGET_NAME)";
				WRAPPER_EXTENSION = app;
			};
			name = Debug;
		};
		9007130A16DDA456001EAD36 /* Release */ = {
			isa = XCBuildConfiguration;
			buildSettings = {
				GCC_PRECOMPILE_PREFIX_HEADER = YES;
				GCC_PREFIX_HEADER = "KapaiPush/KapaiPush-Prefix.pch";
				INFOPLIST_FILE = "KapaiPush/KapaiPush-Info.plist";
				PRODUCT_NAME = "$(TARGET_NAME)";
				WRAPPER_EXTENSION = app;
			};
			name = Release;
		};
/* End XCBuildConfiguration section */

/* Begin XCConfigurationList section */
		900712DE16DDA456001EAD36 /* Build configuration list for PBXProject "KapaiPush" */ = {
			isa = XCConfigurationList;
			buildConfigurations = (
				9007130616DDA456001EAD36 /* Debug */,
				9007130716DDA456001EAD36 /* Release */,
			);
			defaultConfigurationIsVisible = 0;
			defaultConfigurationName = Release;
		};
		9007130816DDA456001EAD36 /* Build configuration list for PBXNativeTarget "KapaiPush" */ = {
			isa = XCConfigurationList;
			buildConfigurations = (
				9007130916DDA456001EAD36 /* Debug */,
				9007130A16DDA456001EAD36 /* Release */,
			);
			defaultConfigurationIsVisible = 0;
		};
/* End XCConfigurationList section */
	};
	rootObject = 900712DB16DDA456001EAD36 /* Project object */;
}
