// !$*UTF8*$!
{
	archiveVersion = 1;
	classes = {
	};
	objectVersion = 46;
	objects = {

/* Begin PBXBuildFile section */
		9083E0E0169446F80029171D /* UIKit.framework in Frameworks */ = {isa = PBXBuildFile; fileRef = 9083E0DF169446F80029171D /* UIKit.framework */; };
		9083E0E2169446F80029171D /* Foundation.framework in Frameworks */ = {isa = PBXBuildFile; fileRef = 9083E0E1169446F80029171D /* Foundation.framework */; };
		9083E0E4169446F80029171D /* CoreGraphics.framework in Frameworks */ = {isa = PBXBuildFile; fileRef = 9083E0E3169446F80029171D /* CoreGraphics.framework */; };
		9083E0EA169446F80029171D /* InfoPlist.strings in Resources */ = {isa = PBXBuildFile; fileRef = 9083E0E8169446F80029171D /* InfoPlist.strings */; };
		9083E0EC169446F80029171D /* main.m in Sources */ = {isa = PBXBuildFile; fileRef = 9083E0EB169446F80029171D /* main.m */; };
		9083E0F0169446F80029171D /* AppDelegate.m in Sources */ = {isa = PBXBuildFile; fileRef = 9083E0EF169446F80029171D /* AppDelegate.m */; };
		9083E0F2169446F80029171D /* Default.png in Resources */ = {isa = PBXBuildFile; fileRef = 9083E0F1169446F80029171D /* Default.png */; };
		9083E0F4169446F80029171D /* Default@2x.png in Resources */ = {isa = PBXBuildFile; fileRef = 9083E0F3169446F80029171D /* Default@2x.png */; };
		9083E0F6169446F80029171D /* Default-568h@2x.png in Resources */ = {isa = PBXBuildFile; fileRef = 9083E0F5169446F80029171D /* Default-568h@2x.png */; };
		9083E0F9169446F80029171D /* ViewController.m in Sources */ = {isa = PBXBuildFile; fileRef = 9083E0F8169446F80029171D /* ViewController.m */; };
		9083E0FC169446F80029171D /* ViewController.xib in Resources */ = {isa = PBXBuildFile; fileRef = 9083E0FA169446F80029171D /* ViewController.xib */; };
/* End PBXBuildFile section */

/* Begin PBXFileReference section */
		9083E0DB169446F80029171D /* 1.app */ = {isa = PBXFileReference; explicitFileType = wrapper.application; includeInIndex = 0; path = 1.app; sourceTree = BUILT_PRODUCTS_DIR; };
		9083E0DF169446F80029171D /* UIKit.framework */ = {isa = PBXFileReference; lastKnownFileType = wrapper.framework; name = UIKit.framework; path = System/Library/Frameworks/UIKit.framework; sourceTree = SDKROOT; };
		9083E0E1169446F80029171D /* Foundation.framework */ = {isa = PBXFileReference; lastKnownFileType = wrapper.framework; name = Foundation.framework; path = System/Library/Frameworks/Foundation.framework; sourceTree = SDKROOT; };
		9083E0E3169446F80029171D /* CoreGraphics.framework */ = {isa = PBXFileReference; lastKnownFileType = wrapper.framework; name = CoreGraphics.framework; path = System/Library/Frameworks/CoreGraphics.framework; sourceTree = SDKROOT; };
		9083E0E7169446F80029171D /* 1-Info.plist */ = {isa = PBXFileReference; lastKnownFileType = text.plist.xml; path = "1-Info.plist"; sourceTree = "<group>"; };
		9083E0E9169446F80029171D /* en */ = {isa = PBXFileReference; lastKnownFileType = text.plist.strings; name = en; path = en.lproj/InfoPlist.strings; sourceTree = "<group>"; };
		9083E0EB169446F80029171D /* main.m */ = {isa = PBXFileReference; lastKnownFileType = sourcecode.c.objc; path = main.m; sourceTree = "<group>"; };
		9083E0ED169446F80029171D /* 1-Prefix.pch */ = {isa = PBXFileReference; lastKnownFileType = sourcecode.c.h; path = "1-Prefix.pch"; sourceTree = "<group>"; };
		9083E0EE169446F80029171D /* AppDelegate.h */ = {isa = PBXFileReference; lastKnownFileType = sourcecode.c.h; path = AppDelegate.h; sourceTree = "<group>"; };
		9083E0EF169446F80029171D /* AppDelegate.m */ = {isa = PBXFileReference; lastKnownFileType = sourcecode.c.objc; path = AppDelegate.m; sourceTree = "<group>"; };
		9083E0F1169446F80029171D /* Default.png */ = {isa = PBXFileReference; lastKnownFileType = image.png; path = Default.png; sourceTree = "<group>"; };
		9083E0F3169446F80029171D /* Default@2x.png */ = {isa = PBXFileReference; lastKnownFileType = image.png; path = "Default@2x.png"; sourceTree = "<group>"; };
		9083E0F5169446F80029171D /* Default-568h@2x.png */ = {isa = PBXFileReference; lastKnownFileType = image.png; path = "Default-568h@2x.png"; sourceTree = "<group>"; };
		9083E0F7169446F80029171D /* ViewController.h */ = {isa = PBXFileReference; lastKnownFileType = sourcecode.c.h; path = ViewController.h; sourceTree = "<group>"; };
		9083E0F8169446F80029171D /* ViewController.m */ = {isa = PBXFileReference; lastKnownFileType = sourcecode.c.objc; path = ViewController.m; sourceTree = "<group>"; };
		9083E0FB169446F80029171D /* en */ = {isa = PBXFileReference; lastKnownFileType = file.xib; name = en; path = en.lproj/ViewController.xib; sourceTree = "<group>"; };
/* End PBXFileReference section */

/* Begin PBXFrameworksBuildPhase section */
		9083E0D8169446F80029171D /* Frameworks */ = {
			isa = PBXFrameworksBuildPhase;
			buildActionMask = 2147483647;
			files = (
				9083E0E0169446F80029171D /* UIKit.framework in Frameworks */,
				9083E0E2169446F80029171D /* Foundation.framework in Frameworks */,
				9083E0E4169446F80029171D /* CoreGraphics.framework in Frameworks */,
			);
			runOnlyForDeploymentPostprocessing = 0;
		};
/* End PBXFrameworksBuildPhase section */

/* Begin PBXGroup section */
		9083E0D0169446F80029171D = {
			isa = PBXGroup;
			children = (
				9083E0E5169446F80029171D /* 1 */,
				9083E0DE169446F80029171D /* Frameworks */,
				9083E0DC169446F80029171D /* Products */,
			);
			sourceTree = "<group>";
		};
		9083E0DC169446F80029171D /* Products */ = {
			isa = PBXGroup;
			children = (
				9083E0DB169446F80029171D /* 1.app */,
			);
			name = Products;
			sourceTree = "<group>";
		};
		9083E0DE169446F80029171D /* Frameworks */ = {
			isa = PBXGroup;
			children = (
				9083E0DF169446F80029171D /* UIKit.framework */,
				9083E0E1169446F80029171D /* Foundation.framework */,
				9083E0E3169446F80029171D /* CoreGraphics.framework */,
			);
			name = Frameworks;
			sourceTree = "<group>";
		};
		9083E0E5169446F80029171D /* 1 */ = {
			isa = PBXGroup;
			children = (
				9083E0EE169446F80029171D /* AppDelegate.h */,
				9083E0EF169446F80029171D /* AppDelegate.m */,
				9083E0F7169446F80029171D /* ViewController.h */,
				9083E0F8169446F80029171D /* ViewController.m */,
				9083E0FA169446F80029171D /* ViewController.xib */,
				9083E0E6169446F80029171D /* Supporting Files */,
			);
			path = 1;
			sourceTree = "<group>";
		};
		9083E0E6169446F80029171D /* Supporting Files */ = {
			isa = PBXGroup;
			children = (
				9083E0E7169446F80029171D /* 1-Info.plist */,
				9083E0E8169446F80029171D /* InfoPlist.strings */,
				9083E0EB169446F80029171D /* main.m */,
				9083E0ED169446F80029171D /* 1-Prefix.pch */,
				9083E0F1169446F80029171D /* Default.png */,
				9083E0F3169446F80029171D /* Default@2x.png */,
				9083E0F5169446F80029171D /* Default-568h@2x.png */,
			);
			name = "Supporting Files";
			sourceTree = "<group>";
		};
/* End PBXGroup section */

/* Begin PBXNativeTarget section */
		9083E0DA169446F80029171D /* 1 */ = {
			isa = PBXNativeTarget;
			buildConfigurationList = 9083E0FF169446F80029171D /* Build configuration list for PBXNativeTarget "1" */;
			buildPhases = (
				9083E0D7169446F80029171D /* Sources */,
				9083E0D8169446F80029171D /* Frameworks */,
				9083E0D9169446F80029171D /* Resources */,
			);
			buildRules = (
			);
			dependencies = (
			);
			name = 1;
			productName = 1;
			productReference = 9083E0DB169446F80029171D /* 1.app */;
			productType = "com.apple.product-type.application";
		};
/* End PBXNativeTarget section */

/* Begin PBXProject section */
		9083E0D2169446F80029171D /* Project object */ = {
			isa = PBXProject;
			attributes = {
				LastUpgradeCheck = 0450;
				ORGANIZATIONNAME = "卡派";
			};
			buildConfigurationList = 9083E0D5169446F80029171D /* Build configuration list for PBXProject "1" */;
			compatibilityVersion = "Xcode 3.2";
			developmentRegion = English;
			hasScannedForEncodings = 0;
			knownRegions = (
				en,
			);
			mainGroup = 9083E0D0169446F80029171D;
			productRefGroup = 9083E0DC169446F80029171D /* Products */;
			projectDirPath = "";
			projectRoot = "";
			targets = (
				9083E0DA169446F80029171D /* 1 */,
			);
		};
/* End PBXProject section */

/* Begin PBXResourcesBuildPhase section */
		9083E0D9169446F80029171D /* Resources */ = {
			isa = PBXResourcesBuildPhase;
			buildActionMask = 2147483647;
			files = (
				9083E0EA169446F80029171D /* InfoPlist.strings in Resources */,
				9083E0F2169446F80029171D /* Default.png in Resources */,
				9083E0F4169446F80029171D /* Default@2x.png in Resources */,
				9083E0F6169446F80029171D /* Default-568h@2x.png in Resources */,
				9083E0FC169446F80029171D /* ViewController.xib in Resources */,
			);
			runOnlyForDeploymentPostprocessing = 0;
		};
/* End PBXResourcesBuildPhase section */

/* Begin PBXSourcesBuildPhase section */
		9083E0D7169446F80029171D /* Sources */ = {
			isa = PBXSourcesBuildPhase;
			buildActionMask = 2147483647;
			files = (
				9083E0EC169446F80029171D /* main.m in Sources */,
				9083E0F0169446F80029171D /* AppDelegate.m in Sources */,
				9083E0F9169446F80029171D /* ViewController.m in Sources */,
			);
			runOnlyForDeploymentPostprocessing = 0;
		};
/* End PBXSourcesBuildPhase section */

/* Begin PBXVariantGroup section */
		9083E0E8169446F80029171D /* InfoPlist.strings */ = {
			isa = PBXVariantGroup;
			children = (
				9083E0E9169446F80029171D /* en */,
			);
			name = InfoPlist.strings;
			sourceTree = "<group>";
		};
		9083E0FA169446F80029171D /* ViewController.xib */ = {
			isa = PBXVariantGroup;
			children = (
				9083E0FB169446F80029171D /* en */,
			);
			name = ViewController.xib;
			sourceTree = "<group>";
		};
/* End PBXVariantGroup section */

/* Begin XCBuildConfiguration section */
		9083E0FD169446F80029171D /* Debug */ = {
			isa = XCBuildConfiguration;
			buildSettings = {
				ALWAYS_SEARCH_USER_PATHS = NO;
				CLANG_CXX_LANGUAGE_STANDARD = "gnu++0x";
				CLANG_CXX_LIBRARY = "libc++";
				CLANG_WARN_EMPTY_BODY = YES;
				CLANG_WARN__DUPLICATE_METHOD_MATCH = YES;
				"CODE_SIGN_IDENTITY[sdk=iphoneos*]" = "iPhone Developer";
				COPY_PHASE_STRIP = NO;
				GCC_C_LANGUAGE_STANDARD = gnu99;
				GCC_DYNAMIC_NO_PIC = NO;
				GCC_OPTIMIZATION_LEVEL = 0;
				GCC_PREPROCESSOR_DEFINITIONS = (
					"DEBUG=1",
					"$(inherited)",
				);
				GCC_SYMBOLS_PRIVATE_EXTERN = NO;
				GCC_WARN_ABOUT_RETURN_TYPE = YES;
				GCC_WARN_UNINITIALIZED_AUTOS = YES;
				GCC_WARN_UNUSED_VARIABLE = YES;
				IPHONEOS_DEPLOYMENT_TARGET = 6.0;
				ONLY_ACTIVE_ARCH = YES;
				SDKROOT = iphoneos;
			};
			name = Debug;
		};
		9083E0FE169446F80029171D /* Release */ = {
			isa = XCBuildConfiguration;
			buildSettings = {
				ALWAYS_SEARCH_USER_PATHS = NO;
				CLANG_CXX_LANGUAGE_STANDARD = "gnu++0x";
				CLANG_CXX_LIBRARY = "libc++";
				CLANG_WARN_EMPTY_BODY = YES;
				CLANG_WARN__DUPLICATE_METHOD_MATCH = YES;
				"CODE_SIGN_IDENTITY[sdk=iphoneos*]" = "iPhone Developer";
				COPY_PHASE_STRIP = YES;
				GCC_C_LANGUAGE_STANDARD = gnu99;
				GCC_WARN_ABOUT_RETURN_TYPE = YES;
				GCC_WARN_UNINITIALIZED_AUTOS = YES;
				GCC_WARN_UNUSED_VARIABLE = YES;
				IPHONEOS_DEPLOYMENT_TARGET = 6.0;
				OTHER_CFLAGS = "-DNS_BLOCK_ASSERTIONS=1";
				SDKROOT = iphoneos;
				VALIDATE_PRODUCT = YES;
			};
			name = Release;
		};
		9083E100169446F80029171D /* Debug */ = {
			isa = XCBuildConfiguration;
			buildSettings = {
				GCC_PRECOMPILE_PREFIX_HEADER = YES;
				GCC_PREFIX_HEADER = "1/1-Prefix.pch";
				INFOPLIST_FILE = "1/1-Info.plist";
				PRODUCT_NAME = "$(TARGET_NAME)";
				WRAPPER_EXTENSION = app;
			};
			name = Debug;
		};
		9083E101169446F80029171D /* Release */ = {
			isa = XCBuildConfiguration;
			buildSettings = {
				GCC_PRECOMPILE_PREFIX_HEADER = YES;
				GCC_PREFIX_HEADER = "1/1-Prefix.pch";
				INFOPLIST_FILE = "1/1-Info.plist";
				PRODUCT_NAME = "$(TARGET_NAME)";
				WRAPPER_EXTENSION = app;
			};
			name = Release;
		};
/* End XCBuildConfiguration section */

/* Begin XCConfigurationList section */
		9083E0D5169446F80029171D /* Build configuration list for PBXProject "1" */ = {
			isa = XCConfigurationList;
			buildConfigurations = (
				9083E0FD169446F80029171D /* Debug */,
				9083E0FE169446F80029171D /* Release */,
			);
			defaultConfigurationIsVisible = 0;
			defaultConfigurationName = Release;
		};
		9083E0FF169446F80029171D /* Build configuration list for PBXNativeTarget "1" */ = {
			isa = XCConfigurationList;
			buildConfigurations = (
				9083E100169446F80029171D /* Debug */,
				9083E101169446F80029171D /* Release */,
			);
			defaultConfigurationIsVisible = 0;
		};
/* End XCConfigurationList section */
	};
	rootObject = 9083E0D2169446F80029171D /* Project object */;
}
