// !$*UTF8*$!
{
	archiveVersion = 1;
	classes = {
	};
	objectVersion = 46;
	objects = {

/* Begin PBXBuildFile section */
		90A04D26170A7849007190AD /* UIKit.framework in Frameworks */ = {isa = PBXBuildFile; fileRef = 90A04D25170A7849007190AD /* UIKit.framework */; };
		90A04D28170A7849007190AD /* Foundation.framework in Frameworks */ = {isa = PBXBuildFile; fileRef = 90A04D27170A7849007190AD /* Foundation.framework */; };
		90A04D2A170A7849007190AD /* CoreGraphics.framework in Frameworks */ = {isa = PBXBuildFile; fileRef = 90A04D29170A7849007190AD /* CoreGraphics.framework */; };
		90A04D30170A7849007190AD /* InfoPlist.strings in Resources */ = {isa = PBXBuildFile; fileRef = 90A04D2E170A7849007190AD /* InfoPlist.strings */; };
		90A04D32170A7849007190AD /* main.m in Sources */ = {isa = PBXBuildFile; fileRef = 90A04D31170A7849007190AD /* main.m */; };
		90A04D36170A7849007190AD /* AppDelegate.m in Sources */ = {isa = PBXBuildFile; fileRef = 90A04D35170A7849007190AD /* AppDelegate.m */; };
		90A04D38170A7849007190AD /* Default.png in Resources */ = {isa = PBXBuildFile; fileRef = 90A04D37170A7849007190AD /* Default.png */; };
		90A04D3A170A7849007190AD /* Default@2x.png in Resources */ = {isa = PBXBuildFile; fileRef = 90A04D39170A7849007190AD /* Default@2x.png */; };
		90A04D3C170A7849007190AD /* Default-568h@2x.png in Resources */ = {isa = PBXBuildFile; fileRef = 90A04D3B170A7849007190AD /* Default-568h@2x.png */; };
		90A04D3F170A7849007190AD /* MainStoryboard.storyboard in Resources */ = {isa = PBXBuildFile; fileRef = 90A04D3D170A7849007190AD /* MainStoryboard.storyboard */; };
		90A04D42170A7849007190AD /* ViewController.m in Sources */ = {isa = PBXBuildFile; fileRef = 90A04D41170A7849007190AD /* ViewController.m */; };
/* End PBXBuildFile section */

/* Begin PBXFileReference section */
		90A04D22170A7849007190AD /* UserDefaultTest.app */ = {isa = PBXFileReference; explicitFileType = wrapper.application; includeInIndex = 0; path = UserDefaultTest.app; sourceTree = BUILT_PRODUCTS_DIR; };
		90A04D25170A7849007190AD /* UIKit.framework */ = {isa = PBXFileReference; lastKnownFileType = wrapper.framework; name = UIKit.framework; path = System/Library/Frameworks/UIKit.framework; sourceTree = SDKROOT; };
		90A04D27170A7849007190AD /* Foundation.framework */ = {isa = PBXFileReference; lastKnownFileType = wrapper.framework; name = Foundation.framework; path = System/Library/Frameworks/Foundation.framework; sourceTree = SDKROOT; };
		90A04D29170A7849007190AD /* CoreGraphics.framework */ = {isa = PBXFileReference; lastKnownFileType = wrapper.framework; name = CoreGraphics.framework; path = System/Library/Frameworks/CoreGraphics.framework; sourceTree = SDKROOT; };
		90A04D2D170A7849007190AD /* UserDefaultTest-Info.plist */ = {isa = PBXFileReference; lastKnownFileType = text.plist.xml; path = "UserDefaultTest-Info.plist"; sourceTree = "<group>"; };
		90A04D2F170A7849007190AD /* en */ = {isa = PBXFileReference; lastKnownFileType = text.plist.strings; name = en; path = en.lproj/InfoPlist.strings; sourceTree = "<group>"; };
		90A04D31170A7849007190AD /* main.m */ = {isa = PBXFileReference; lastKnownFileType = sourcecode.c.objc; path = main.m; sourceTree = "<group>"; };
		90A04D33170A7849007190AD /* UserDefaultTest-Prefix.pch */ = {isa = PBXFileReference; lastKnownFileType = sourcecode.c.h; path = "UserDefaultTest-Prefix.pch"; sourceTree = "<group>"; };
		90A04D34170A7849007190AD /* AppDelegate.h */ = {isa = PBXFileReference; lastKnownFileType = sourcecode.c.h; path = AppDelegate.h; sourceTree = "<group>"; };
		90A04D35170A7849007190AD /* AppDelegate.m */ = {isa = PBXFileReference; lastKnownFileType = sourcecode.c.objc; path = AppDelegate.m; sourceTree = "<group>"; };
		90A04D37170A7849007190AD /* Default.png */ = {isa = PBXFileReference; lastKnownFileType = image.png; path = Default.png; sourceTree = "<group>"; };
		90A04D39170A7849007190AD /* Default@2x.png */ = {isa = PBXFileReference; lastKnownFileType = image.png; path = "Default@2x.png"; sourceTree = "<group>"; };
		90A04D3B170A7849007190AD /* Default-568h@2x.png */ = {isa = PBXFileReference; lastKnownFileType = image.png; path = "Default-568h@2x.png"; sourceTree = "<group>"; };
		90A04D3E170A7849007190AD /* en */ = {isa = PBXFileReference; lastKnownFileType = file.storyboard; name = en; path = en.lproj/MainStoryboard.storyboard; sourceTree = "<group>"; };
		90A04D40170A7849007190AD /* ViewController.h */ = {isa = PBXFileReference; lastKnownFileType = sourcecode.c.h; path = ViewController.h; sourceTree = "<group>"; };
		90A04D41170A7849007190AD /* ViewController.m */ = {isa = PBXFileReference; lastKnownFileType = sourcecode.c.objc; path = ViewController.m; sourceTree = "<group>"; };
/* End PBXFileReference section */

/* Begin PBXFrameworksBuildPhase section */
		90A04D1F170A7849007190AD /* Frameworks */ = {
			isa = PBXFrameworksBuildPhase;
			buildActionMask = 2147483647;
			files = (
				90A04D26170A7849007190AD /* UIKit.framework in Frameworks */,
				90A04D28170A7849007190AD /* Foundation.framework in Frameworks */,
				90A04D2A170A7849007190AD /* CoreGraphics.framework in Frameworks */,
			);
			runOnlyForDeploymentPostprocessing = 0;
		};
/* End PBXFrameworksBuildPhase section */

/* Begin PBXGroup section */
		90A04D19170A7849007190AD = {
			isa = PBXGroup;
			children = (
				90A04D2B170A7849007190AD /* UserDefaultTest */,
				90A04D24170A7849007190AD /* Frameworks */,
				90A04D23170A7849007190AD /* Products */,
			);
			sourceTree = "<group>";
		};
		90A04D23170A7849007190AD /* Products */ = {
			isa = PBXGroup;
			children = (
				90A04D22170A7849007190AD /* UserDefaultTest.app */,
			);
			name = Products;
			sourceTree = "<group>";
		};
		90A04D24170A7849007190AD /* Frameworks */ = {
			isa = PBXGroup;
			children = (
				90A04D25170A7849007190AD /* UIKit.framework */,
				90A04D27170A7849007190AD /* Foundation.framework */,
				90A04D29170A7849007190AD /* CoreGraphics.framework */,
			);
			name = Frameworks;
			sourceTree = "<group>";
		};
		90A04D2B170A7849007190AD /* UserDefaultTest */ = {
			isa = PBXGroup;
			children = (
				90A04D34170A7849007190AD /* AppDelegate.h */,
				90A04D35170A7849007190AD /* AppDelegate.m */,
				90A04D3D170A7849007190AD /* MainStoryboard.storyboard */,
				90A04D40170A7849007190AD /* ViewController.h */,
				90A04D41170A7849007190AD /* ViewController.m */,
				90A04D2C170A7849007190AD /* Supporting Files */,
			);
			path = UserDefaultTest;
			sourceTree = "<group>";
		};
		90A04D2C170A7849007190AD /* Supporting Files */ = {
			isa = PBXGroup;
			children = (
				90A04D2D170A7849007190AD /* UserDefaultTest-Info.plist */,
				90A04D2E170A7849007190AD /* InfoPlist.strings */,
				90A04D31170A7849007190AD /* main.m */,
				90A04D33170A7849007190AD /* UserDefaultTest-Prefix.pch */,
				90A04D37170A7849007190AD /* Default.png */,
				90A04D39170A7849007190AD /* Default@2x.png */,
				90A04D3B170A7849007190AD /* Default-568h@2x.png */,
			);
			name = "Supporting Files";
			sourceTree = "<group>";
		};
/* End PBXGroup section */

/* Begin PBXNativeTarget section */
		90A04D21170A7849007190AD /* UserDefaultTest */ = {
			isa = PBXNativeTarget;
			buildConfigurationList = 90A04D45170A7849007190AD /* Build configuration list for PBXNativeTarget "UserDefaultTest" */;
			buildPhases = (
				90A04D1E170A7849007190AD /* Sources */,
				90A04D1F170A7849007190AD /* Frameworks */,
				90A04D20170A7849007190AD /* Resources */,
			);
			buildRules = (
			);
			dependencies = (
			);
			name = UserDefaultTest;
			productName = UserDefaultTest;
			productReference = 90A04D22170A7849007190AD /* UserDefaultTest.app */;
			productType = "com.apple.product-type.application";
		};
/* End PBXNativeTarget section */

/* Begin PBXProject section */
		90A04D1A170A7849007190AD /* Project object */ = {
			isa = PBXProject;
			attributes = {
				LastUpgradeCheck = 0460;
				ORGANIZATIONNAME = "卡派";
			};
			buildConfigurationList = 90A04D1D170A7849007190AD /* Build configuration list for PBXProject "UserDefaultTest" */;
			compatibilityVersion = "Xcode 3.2";
			developmentRegion = English;
			hasScannedForEncodings = 0;
			knownRegions = (
				en,
			);
			mainGroup = 90A04D19170A7849007190AD;
			productRefGroup = 90A04D23170A7849007190AD /* Products */;
			projectDirPath = "";
			projectRoot = "";
			targets = (
				90A04D21170A7849007190AD /* UserDefaultTest */,
			);
		};
/* End PBXProject section */

/* Begin PBXResourcesBuildPhase section */
		90A04D20170A7849007190AD /* Resources */ = {
			isa = PBXResourcesBuildPhase;
			buildActionMask = 2147483647;
			files = (
				90A04D30170A7849007190AD /* InfoPlist.strings in Resources */,
				90A04D38170A7849007190AD /* Default.png in Resources */,
				90A04D3A170A7849007190AD /* Default@2x.png in Resources */,
				90A04D3C170A7849007190AD /* Default-568h@2x.png in Resources */,
				90A04D3F170A7849007190AD /* MainStoryboard.storyboard in Resources */,
			);
			runOnlyForDeploymentPostprocessing = 0;
		};
/* End PBXResourcesBuildPhase section */

/* Begin PBXSourcesBuildPhase section */
		90A04D1E170A7849007190AD /* Sources */ = {
			isa = PBXSourcesBuildPhase;
			buildActionMask = 2147483647;
			files = (
				90A04D32170A7849007190AD /* main.m in Sources */,
				90A04D36170A7849007190AD /* AppDelegate.m in Sources */,
				90A04D42170A7849007190AD /* ViewController.m in Sources */,
			);
			runOnlyForDeploymentPostprocessing = 0;
		};
/* End PBXSourcesBuildPhase section */

/* Begin PBXVariantGroup section */
		90A04D2E170A7849007190AD /* InfoPlist.strings */ = {
			isa = PBXVariantGroup;
			children = (
				90A04D2F170A7849007190AD /* en */,
			);
			name = InfoPlist.strings;
			sourceTree = "<group>";
		};
		90A04D3D170A7849007190AD /* MainStoryboard.storyboard */ = {
			isa = PBXVariantGroup;
			children = (
				90A04D3E170A7849007190AD /* en */,
			);
			name = MainStoryboard.storyboard;
			sourceTree = "<group>";
		};
/* End PBXVariantGroup section */

/* Begin XCBuildConfiguration section */
		90A04D43170A7849007190AD /* Debug */ = {
			isa = XCBuildConfiguration;
			buildSettings = {
				ALWAYS_SEARCH_USER_PATHS = NO;
				CLANG_CXX_LANGUAGE_STANDARD = "gnu++0x";
				CLANG_CXX_LIBRARY = "libc++";
				CLANG_ENABLE_OBJC_ARC = YES;
				CLANG_WARN_CONSTANT_CONVERSION = YES;
				CLANG_WARN_EMPTY_BODY = YES;
				CLANG_WARN_ENUM_CONVERSION = YES;
				CLANG_WARN_INT_CONVERSION = YES;
				CLANG_WARN__DUPLICATE_METHOD_MATCH = YES;
				"CODE_SIGN_IDENTITY[sdk=iphoneos*]" = "iPhone Developer";
				COPY_PHASE_STRIP = NO;
				GCC_C_LANGUAGE_STANDARD = gnu99;
				GCC_DYNAMIC_NO_PIC = NO;
				GCC_OPTIMIZATION_LEVEL = 0;
				GCC_PREPROCESSOR_DEFINITIONS = (
					"DEBUG=1",
					"$(inherited)",
				);
				GCC_SYMBOLS_PRIVATE_EXTERN = NO;
				GCC_WARN_ABOUT_RETURN_TYPE = YES;
				GCC_WARN_UNINITIALIZED_AUTOS = YES;
				GCC_WARN_UNUSED_VARIABLE = YES;
				IPHONEOS_DEPLOYMENT_TARGET = 6.1;
				ONLY_ACTIVE_ARCH = YES;
				SDKROOT = iphoneos;
			};
			name = Debug;
		};
		90A04D44170A7849007190AD /* Release */ = {
			isa = XCBuildConfiguration;
			buildSettings = {
				ALWAYS_SEARCH_USER_PATHS = NO;
				CLANG_CXX_LANGUAGE_STANDARD = "gnu++0x";
				CLANG_CXX_LIBRARY = "libc++";
				CLANG_ENABLE_OBJC_ARC = YES;
				CLANG_WARN_CONSTANT_CONVERSION = YES;
				CLANG_WARN_EMPTY_BODY = YES;
				CLANG_WARN_ENUM_CONVERSION = YES;
				CLANG_WARN_INT_CONVERSION = YES;
				CLANG_WARN__DUPLICATE_METHOD_MATCH = YES;
				"CODE_SIGN_IDENTITY[sdk=iphoneos*]" = "iPhone Developer";
				COPY_PHASE_STRIP = YES;
				GCC_C_LANGUAGE_STANDARD = gnu99;
				GCC_WARN_ABOUT_RETURN_TYPE = YES;
				GCC_WARN_UNINITIALIZED_AUTOS = YES;
				GCC_WARN_UNUSED_VARIABLE = YES;
				IPHONEOS_DEPLOYMENT_TARGET = 6.1;
				OTHER_CFLAGS = "-DNS_BLOCK_ASSERTIONS=1";
				SDKROOT = iphoneos;
				VALIDATE_PRODUCT = YES;
			};
			name = Release;
		};
		90A04D46170A7849007190AD /* Debug */ = {
			isa = XCBuildConfiguration;
			buildSettings = {
				GCC_PRECOMPILE_PREFIX_HEADER = YES;
				GCC_PREFIX_HEADER = "UserDefaultTest/UserDefaultTest-Prefix.pch";
				INFOPLIST_FILE = "UserDefaultTest/UserDefaultTest-Info.plist";
				PRODUCT_NAME = "$(TARGET_NAME)";
				WRAPPER_EXTENSION = app;
			};
			name = Debug;
		};
		90A04D47170A7849007190AD /* Release */ = {
			isa = XCBuildConfiguration;
			buildSettings = {
				GCC_PRECOMPILE_PREFIX_HEADER = YES;
				GCC_PREFIX_HEADER = "UserDefaultTest/UserDefaultTest-Prefix.pch";
				INFOPLIST_FILE = "UserDefaultTest/UserDefaultTest-Info.plist";
				PRODUCT_NAME = "$(TARGET_NAME)";
				WRAPPER_EXTENSION = app;
			};
			name = Release;
		};
/* End XCBuildConfiguration section */

/* Begin XCConfigurationList section */
		90A04D1D170A7849007190AD /* Build configuration list for PBXProject "UserDefaultTest" */ = {
			isa = XCConfigurationList;
			buildConfigurations = (
				90A04D43170A7849007190AD /* Debug */,
				90A04D44170A7849007190AD /* Release */,
			);
			defaultConfigurationIsVisible = 0;
			defaultConfigurationName = Release;
		};
		90A04D45170A7849007190AD /* Build configuration list for PBXNativeTarget "UserDefaultTest" */ = {
			isa = XCConfigurationList;
			buildConfigurations = (
				90A04D46170A7849007190AD /* Debug */,
				90A04D47170A7849007190AD /* Release */,
			);
			defaultConfigurationIsVisible = 0;
		};
/* End XCConfigurationList section */
	};
	rootObject = 90A04D1A170A7849007190AD /* Project object */;
}
